
Microsoft Visual Studio Solution File, Format Version 12.00
# Visual Studio Version 16
VisualStudioVersion = 16.0.29709.97
MinimumVisualStudioVersion = 10.0.40219.1
Project("{FAE04EC0-301F-11D3-BF4B-00C04F79EFBC}") = "List", "List\List.csproj", "{C806435D-8714-49CA-AFE0-9A61915F3503}"
EndProject
Global
	GlobalSection(SolutionConfigurationPlatforms) = preSolution
		Debug|Any CPU = Debug|Any CPU
		Release|Any CPU = Release|Any CPU
	EndGlobalSection
	GlobalSection(ProjectConfigurationPlatforms) = postSolution
		{C806435D-8714-49CA-AFE0-9A61915F3503}.Debug|Any CPU.ActiveCfg = Debug|Any CPU
		{C806435D-8714-49CA-AFE0-9A61915F3503}.Debug|Any CPU.Build.0 = Debug|Any CPU
		{C806435D-8714-49CA-AFE0-9A61915F3503}.Release|Any CPU.ActiveCfg = Release|Any CPU
		{C806435D-8714-49CA-AFE0-9A61915F3503}.Release|Any CPU.Build.0 = Release|Any CPU
	EndGlobalSection
	GlobalSection(SolutionProperties) = preSolution
		HideSolutionNode = FALSE
	EndGlobalSection
	GlobalSection(ExtensibilityGlobals) = postSolution
		SolutionGuid = {2D907F22-CE5E-4D05-8290-58A0F7D3052F}
	EndGlobalSection
EndGlobal
